
Microsoft Visual Studio Solution File, Format Version 12.00
# Visual Studio Version 17
VisualStudioVersion = 17.4.33213.308
MinimumVisualStudioVersion = 10.0.40219.1
Project("{FAE04EC0-301F-11D3-BF4B-00C04F79EFBC}") = "WPSUR.WebApi", "WPSUR.WebApi\WPSUR.WebApi.csproj", "{428FB61B-ABBC-4E97-A3F4-3B2D54EE30E5}"
EndProject
Global
	GlobalSection(SolutionConfigurationPlatforms) = preSolution
		Debug|Any CPU = Debug|Any CPU
		Release|Any CPU = Release|Any CPU
	EndGlobalSection
	GlobalSection(ProjectConfigurationPlatforms) = postSolution
		{428FB61B-ABBC-4E97-A3F4-3B2D54EE30E5}.Debug|Any CPU.ActiveCfg = Debug|Any CPU
		{428FB61B-ABBC-4E97-A3F4-3B2D54EE30E5}.Debug|Any CPU.Build.0 = Debug|Any CPU
		{428FB61B-ABBC-4E97-A3F4-3B2D54EE30E5}.Release|Any CPU.ActiveCfg = Release|Any CPU
		{428FB61B-ABBC-4E97-A3F4-3B2D54EE30E5}.Release|Any CPU.Build.0 = Release|Any CPU
	EndGlobalSection
	GlobalSection(SolutionProperties) = preSolution
		HideSolutionNode = FALSE
	EndGlobalSection
	GlobalSection(ExtensibilityGlobals) = postSolution
		SolutionGuid = {AD715239-F687-420D-BD36-829829B245A3}
	EndGlobalSection
EndGlobal
